
Microsoft Visual Studio Solution File, Format Version 12.00
# Visual Studio Version 17
VisualStudioVersion = 17.4.33122.133
MinimumVisualStudioVersion = 10.0.40219.1
Project("{FAE04EC0-301F-11D3-BF4B-00C04F79EFBC}") = "Hw01", "Hw01.csproj", "{472C2521-E586-4704-86D6-A3C8A46CA8ED}"
EndProject
Global
	GlobalSection(SolutionConfigurationPlatforms) = preSolution
		Debug|Any CPU = Debug|Any CPU
		Release|Any CPU = Release|Any CPU
	EndGlobalSection
	GlobalSection(ProjectConfigurationPlatforms) = postSolution
		{472C2521-E586-4704-86D6-A3C8A46CA8ED}.Debug|Any CPU.ActiveCfg = Debug|Any CPU
		{472C2521-E586-4704-86D6-A3C8A46CA8ED}.Debug|Any CPU.Build.0 = Debug|Any CPU
		{472C2521-E586-4704-86D6-A3C8A46CA8ED}.Release|Any CPU.ActiveCfg = Release|Any CPU
		{472C2521-E586-4704-86D6-A3C8A46CA8ED}.Release|Any CPU.Build.0 = Release|Any CPU
	EndGlobalSection
	GlobalSection(SolutionProperties) = preSolution
		HideSolutionNode = FALSE
	EndGlobalSection
	GlobalSection(ExtensibilityGlobals) = postSolution
		SolutionGuid = {9139C5BF-0BC7-451C-A852-22364AB628D5}
	EndGlobalSection
EndGlobal
